
Microsoft Visual Studio Solution File, Format Version 10.00
# Visual Studio 2008
Project("{FAE04EC0-301F-11D3-BF4B-00C04F79EFBC}") = "Signature", "Signature.csproj", "{2EB6670D-C397-4E08-A538-1BEEAD80CED0}"
	ProjectSection(ProjectDependencies) = postProject
		{3BA129EA-A9FF-4827-B098-A4880DD79B36} = {3BA129EA-A9FF-4827-B098-A4880DD79B36}
	EndProjectSection
EndProject
Project("{FAE04EC0-301F-11D3-BF4B-00C04F79EFBC}") = "CurvedDivControl", "CurvedDivControl\CurvedDivControl\CurvedDivControl.csproj", "{3BA129EA-A9FF-4827-B098-A4880DD79B36}"
EndProject
Global
	GlobalSection(SolutionConfigurationPlatforms) = preSolution
		Debug|Any CPU = Debug|Any CPU
		Release|Any CPU = Release|Any CPU
	EndGlobalSection
	GlobalSection(ProjectConfigurationPlatforms) = postSolution
		{2EB6670D-C397-4E08-A538-1BEEAD80CED0}.Debug|Any CPU.ActiveCfg = Debug|Any CPU
		{2EB6670D-C397-4E08-A538-1BEEAD80CED0}.Debug|Any CPU.Build.0 = Debug|Any CPU
		{2EB6670D-C397-4E08-A538-1BEEAD80CED0}.Release|Any CPU.ActiveCfg = Release|Any CPU
		{2EB6670D-C397-4E08-A538-1BEEAD80CED0}.Release|Any CPU.Build.0 = Release|Any CPU
		{3BA129EA-A9FF-4827-B098-A4880DD79B36}.Debug|Any CPU.ActiveCfg = Debug|Any CPU
		{3BA129EA-A9FF-4827-B098-A4880DD79B36}.Debug|Any CPU.Build.0 = Debug|Any CPU
		{3BA129EA-A9FF-4827-B098-A4880DD79B36}.Release|Any CPU.ActiveCfg = Release|Any CPU
		{3BA129EA-A9FF-4827-B098-A4880DD79B36}.Release|Any CPU.Build.0 = Release|Any CPU
	EndGlobalSection
	GlobalSection(SolutionProperties) = preSolution
		HideSolutionNode = FALSE
	EndGlobalSection
EndGlobal
